{
    "_meta": {
        "hash": {
            "sha256": "fc3eb0610d065ac20aee40cd6fa8bb4a30e930c1270cbb2f0d0a84c88442a7ae"
        },
        "pipfile-spec": 6,
        "requires": {
            "python_version": "3.9"
        },
        "sources": [
            {
                "name": "pypi",
                "url": "https://pypi.org/simple",
                "verify_ssl": true
            }
        ]
    },
    "default": {
        "pyelftools": {
            "hashes": [
                "sha256:1509d30756a14a8c9a6670778144fb9a04b311751ddac019dcc0c2f28da03ccc",
                "sha256:53e5609cac016471d40bd88dc410cd90755942c25e58a61021cfdf7abdfeacff"
            ],
            "index": "pypi",
            "version": "==0.28"
        },
        "scons": {
            "hashes": [
                "sha256:8c13911a2aa40552553488f7d625af4c0768fc8cdedab4a858d8ce42c8c3664d",
                "sha256:d47081587e3675cc168f1f54f0d74a69b328a2fc90ec4feb85f728677419b879"
            ],
            "index": "pypi",
            "version": "==4.3.0"
        },
        "setuptools": {
            "hashes": [
                "sha256:26ead7d1f93efc0f8c804d9fafafbe4a44b179580a7105754b245155f9af05a8",
                "sha256:47c7b0c0f8fc10eec4cf1e71c6fdadf8decaa74ffa087e68cd1c20db7ad6a592"
            ],
            "markers": "python_version >= '3.7'",
            "version": "==62.1.0"
        }
    },
    "develop": {}
}
