{
    "_meta": {
        "hash": {
            "sha256": "4149e5ebc90587b07ec97583ca17bbe3be58aa8836700b56d2f7905bffdb311f"
        },
        "pipfile-spec": 6,
        "requires": {
            "python_version": "3.9"
        },
        "sources": [
            {
                "name": "pypi",
                "url": "https://pypi.org/simple",
                "verify_ssl": true
            }
        ]
    },
    "default": {
        "pyelftools": {
            "hashes": [
                "sha256:1509d30756a14a8c9a6670778144fb9a04b311751ddac019dcc0c2f28da03ccc",
                "sha256:53e5609cac016471d40bd88dc410cd90755942c25e58a61021cfdf7abdfeacff"
            ],
            "index": "pypi",
            "version": "==0.28"
        }
    },
    "develop": {}
}
